// !$*UTF8*$!
{
	archiveVersion = 1;
	classes = {
	};
	objectVersion = 50;
	objects = {

/* Begin PBXBuildFile section */
		48C34EF021AF768D000DDC3B /* AppDelegate.swift in Sources */ = {isa = PBXBuildFile; fileRef = 48C34EEF21AF768D000DDC3B /* AppDelegate.swift */; };
		48C34EF221AF768D000DDC3B /* ViewController.swift in Sources */ = {isa = PBXBuildFile; fileRef = 48C34EF121AF768D000DDC3B /* ViewController.swift */; };
		48C34EF521AF768D000DDC3B /* Main.storyboard in Resources */ = {isa = PBXBuildFile; fileRef = 48C34EF321AF768D000DDC3B /* Main.storyboard */; };
		48C34EF721AF768E000DDC3B /* Assets.xcassets in Resources */ = {isa = PBXBuildFile; fileRef = 48C34EF621AF768E000DDC3B /* Assets.xcassets */; };
		48C34EFA21AF768E000DDC3B /* LaunchScreen.storyboard in Resources */ = {isa = PBXBuildFile; fileRef = 48C34EF821AF768E000DDC3B /* LaunchScreen.storyboard */; };
		48C34F0521AF768F000DDC3B /* MVC_ArchitectureTests.swift in Sources */ = {isa = PBXBuildFile; fileRef = 48C34F0421AF768F000DDC3B /* MVC_ArchitectureTests.swift */; };
		48C34F1021AF768F000DDC3B /* MVC_ArchitectureUITests.swift in Sources */ = {isa = PBXBuildFile; fileRef = 48C34F0F21AF768F000DDC3B /* MVC_ArchitectureUITests.swift */; };
		48CDA62821AF7AC800B32374 /* SwiftIconFont.framework in Frameworks */ = {isa = PBXBuildFile; fileRef = 48C34F1D21AF7A85000DDC3B /* SwiftIconFont.framework */; };
		48CDA62921AF7AC800B32374 /* SwiftIconFont.framework in Embed Frameworks */ = {isa = PBXBuildFile; fileRef = 48C34F1D21AF7A85000DDC3B /* SwiftIconFont.framework */; settings = {ATTRIBUTES = (CodeSignOnCopy, RemoveHeadersOnCopy, ); }; };
		48CDA62D21AF91C000B32374 /* PostModel.swift in Sources */ = {isa = PBXBuildFile; fileRef = 48CDA62C21AF91C000B32374 /* PostModel.swift */; };
		48CDA63021AF933C00B32374 /* PostTableViewCell.swift in Sources */ = {isa = PBXBuildFile; fileRef = 48CDA62F21AF933C00B32374 /* PostTableViewCell.swift */; };
		48CDA6E521B16DA100B32374 /* RootViewController.swift in Sources */ = {isa = PBXBuildFile; fileRef = 48CDA6E421B16DA100B32374 /* RootViewController.swift */; };
		48CDA6E821B17B6F00B32374 /* MVPViewController.swift in Sources */ = {isa = PBXBuildFile; fileRef = 48CDA6E721B17B6F00B32374 /* MVPViewController.swift */; };
		48CDA6EA21B17CAD00B32374 /* MVPPresenter.swift in Sources */ = {isa = PBXBuildFile; fileRef = 48CDA6E921B17CAC00B32374 /* MVPPresenter.swift */; };
		48CDA6EC21B17CC500B32374 /* MVPModel.swift in Sources */ = {isa = PBXBuildFile; fileRef = 48CDA6EB21B17CC500B32374 /* MVPModel.swift */; };
		48CDA6EE21B17D2600B32374 /* MVPCell.swift in Sources */ = {isa = PBXBuildFile; fileRef = 48CDA6ED21B17D2600B32374 /* MVPCell.swift */; };
		48CDA6F021B238B300B32374 /* PostListModel.swift in Sources */ = {isa = PBXBuildFile; fileRef = 48CDA6EF21B238B300B32374 /* PostListModel.swift */; };
/* End PBXBuildFile section */

/* Begin PBXContainerItemProxy section */
		48C34F0121AF768F000DDC3B /* PBXContainerItemProxy */ = {
			isa = PBXContainerItemProxy;
			containerPortal = 48C34EE421AF768D000DDC3B /* Project object */;
			proxyType = 1;
			remoteGlobalIDString = 48C34EEB21AF768D000DDC3B;
			remoteInfo = "MVC-Architecture";
		};
		48C34F0C21AF768F000DDC3B /* PBXContainerItemProxy */ = {
			isa = PBXContainerItemProxy;
			containerPortal = 48C34EE421AF768D000DDC3B /* Project object */;
			proxyType = 1;
			remoteGlobalIDString = 48C34EEB21AF768D000DDC3B;
			remoteInfo = "MVC-Architecture";
		};
/* End PBXContainerItemProxy section */

/* Begin PBXCopyFilesBuildPhase section */
		48CDA62A21AF7AC800B32374 /* Embed Frameworks */ = {
			isa = PBXCopyFilesBuildPhase;
			buildActionMask = 2147483647;
			dstPath = "";
			dstSubfolderSpec = 10;
			files = (
				48CDA62921AF7AC800B32374 /* SwiftIconFont.framework in Embed Frameworks */,
			);
			name = "Embed Frameworks";
			runOnlyForDeploymentPostprocessing = 0;
		};
/* End PBXCopyFilesBuildPhase section */

/* Begin PBXFileReference section */
		48C34EEC21AF768D000DDC3B /* MVC-Architecture.app */ = {isa = PBXFileReference; explicitFileType = wrapper.application; includeInIndex = 0; path = "MVC-Architecture.app"; sourceTree = BUILT_PRODUCTS_DIR; };
		48C34EEF21AF768D000DDC3B /* AppDelegate.swift */ = {isa = PBXFileReference; lastKnownFileType = sourcecode.swift; path = AppDelegate.swift; sourceTree = "<group>"; };
		48C34EF121AF768D000DDC3B /* ViewController.swift */ = {isa = PBXFileReference; lastKnownFileType = sourcecode.swift; path = ViewController.swift; sourceTree = "<group>"; };
		48C34EF421AF768D000DDC3B /* Base */ = {isa = PBXFileReference; lastKnownFileType = file.storyboard; name = Base; path = Base.lproj/Main.storyboard; sourceTree = "<group>"; };
		48C34EF621AF768E000DDC3B /* Assets.xcassets */ = {isa = PBXFileReference; lastKnownFileType = folder.assetcatalog; path = Assets.xcassets; sourceTree = "<group>"; };
		48C34EF921AF768E000DDC3B /* Base */ = {isa = PBXFileReference; lastKnownFileType = file.storyboard; name = Base; path = Base.lproj/LaunchScreen.storyboard; sourceTree = "<group>"; };
		48C34EFB21AF768E000DDC3B /* Info.plist */ = {isa = PBXFileReference; lastKnownFileType = text.plist.xml; path = Info.plist; sourceTree = "<group>"; };
		48C34F0021AF768F000DDC3B /* MVC-ArchitectureTests.xctest */ = {isa = PBXFileReference; explicitFileType = wrapper.cfbundle; includeInIndex = 0; path = "MVC-ArchitectureTests.xctest"; sourceTree = BUILT_PRODUCTS_DIR; };
		48C34F0421AF768F000DDC3B /* MVC_ArchitectureTests.swift */ = {isa = PBXFileReference; lastKnownFileType = sourcecode.swift; path = MVC_ArchitectureTests.swift; sourceTree = "<group>"; };
		48C34F0621AF768F000DDC3B /* Info.plist */ = {isa = PBXFileReference; lastKnownFileType = text.plist.xml; path = Info.plist; sourceTree = "<group>"; };
		48C34F0B21AF768F000DDC3B /* MVC-ArchitectureUITests.xctest */ = {isa = PBXFileReference; explicitFileType = wrapper.cfbundle; includeInIndex = 0; path = "MVC-ArchitectureUITests.xctest"; sourceTree = BUILT_PRODUCTS_DIR; };
		48C34F0F21AF768F000DDC3B /* MVC_ArchitectureUITests.swift */ = {isa = PBXFileReference; lastKnownFileType = sourcecode.swift; path = MVC_ArchitectureUITests.swift; sourceTree = "<group>"; };
		48C34F1121AF768F000DDC3B /* Info.plist */ = {isa = PBXFileReference; lastKnownFileType = text.plist.xml; path = Info.plist; sourceTree = "<group>"; };
		48C34F1D21AF7A85000DDC3B /* SwiftIconFont.framework */ = {isa = PBXFileReference; lastKnownFileType = wrapper.framework; path = SwiftIconFont.framework; sourceTree = "<group>"; };
		48CDA62C21AF91C000B32374 /* PostModel.swift */ = {isa = PBXFileReference; lastKnownFileType = sourcecode.swift; path = PostModel.swift; sourceTree = "<group>"; };
		48CDA62F21AF933C00B32374 /* PostTableViewCell.swift */ = {isa = PBXFileReference; lastKnownFileType = sourcecode.swift; path = PostTableViewCell.swift; sourceTree = "<group>"; };
		48CDA6E421B16DA100B32374 /* RootViewController.swift */ = {isa = PBXFileReference; lastKnownFileType = sourcecode.swift; path = RootViewController.swift; sourceTree = "<group>"; };
		48CDA6E721B17B6F00B32374 /* MVPViewController.swift */ = {isa = PBXFileReference; lastKnownFileType = sourcecode.swift; path = MVPViewController.swift; sourceTree = "<group>"; };
		48CDA6E921B17CAC00B32374 /* MVPPresenter.swift */ = {isa = PBXFileReference; lastKnownFileType = sourcecode.swift; path = MVPPresenter.swift; sourceTree = "<group>"; };
		48CDA6EB21B17CC500B32374 /* MVPModel.swift */ = {isa = PBXFileReference; lastKnownFileType = sourcecode.swift; path = MVPModel.swift; sourceTree = "<group>"; };
		48CDA6ED21B17D2600B32374 /* MVPCell.swift */ = {isa = PBXFileReference; lastKnownFileType = sourcecode.swift; path = MVPCell.swift; sourceTree = "<group>"; };
		48CDA6EF21B238B300B32374 /* PostListModel.swift */ = {isa = PBXFileReference; lastKnownFileType = sourcecode.swift; path = PostListModel.swift; sourceTree = "<group>"; };
/* End PBXFileReference section */

/* Begin PBXFrameworksBuildPhase section */
		48C34EE921AF768D000DDC3B /* Frameworks */ = {
			isa = PBXFrameworksBuildPhase;
			buildActionMask = 2147483647;
			files = (
				48CDA62821AF7AC800B32374 /* SwiftIconFont.framework in Frameworks */,
			);
			runOnlyForDeploymentPostprocessing = 0;
		};
		48C34EFD21AF768F000DDC3B /* Frameworks */ = {
			isa = PBXFrameworksBuildPhase;
			buildActionMask = 2147483647;
			files = (
			);
			runOnlyForDeploymentPostprocessing = 0;
		};
		48C34F0821AF768F000DDC3B /* Frameworks */ = {
			isa = PBXFrameworksBuildPhase;
			buildActionMask = 2147483647;
			files = (
			);
			runOnlyForDeploymentPostprocessing = 0;
		};
/* End PBXFrameworksBuildPhase section */

/* Begin PBXGroup section */
		48C34EE321AF768D000DDC3B = {
			isa = PBXGroup;
			children = (
				48C34EEE21AF768D000DDC3B /* MVC-Architecture */,
				48CDA62721AF7A9C00B32374 /* CarthageFramework */,
				48C34F0321AF768F000DDC3B /* MVC-ArchitectureTests */,
				48C34F0E21AF768F000DDC3B /* MVC-ArchitectureUITests */,
				48C34EED21AF768D000DDC3B /* Products */,
			);
			sourceTree = "<group>";
		};
		48C34EED21AF768D000DDC3B /* Products */ = {
			isa = PBXGroup;
			children = (
				48C34EEC21AF768D000DDC3B /* MVC-Architecture.app */,
				48C34F0021AF768F000DDC3B /* MVC-ArchitectureTests.xctest */,
				48C34F0B21AF768F000DDC3B /* MVC-ArchitectureUITests.xctest */,
			);
			name = Products;
			sourceTree = "<group>";
		};
		48C34EEE21AF768D000DDC3B /* MVC-Architecture */ = {
			isa = PBXGroup;
			children = (
				48CDA6E621B17B2900B32374 /* MVP */,
				48CDA6CE21B0CE5400B32374 /* MVC */,
				48C34EEF21AF768D000DDC3B /* AppDelegate.swift */,
				48CDA6E421B16DA100B32374 /* RootViewController.swift */,
				48C34EF321AF768D000DDC3B /* Main.storyboard */,
				48C34EF621AF768E000DDC3B /* Assets.xcassets */,
				48C34EF821AF768E000DDC3B /* LaunchScreen.storyboard */,
				48C34EFB21AF768E000DDC3B /* Info.plist */,
			);
			path = "MVC-Architecture";
			sourceTree = "<group>";
		};
		48C34F0321AF768F000DDC3B /* MVC-ArchitectureTests */ = {
			isa = PBXGroup;
			children = (
				48C34F0421AF768F000DDC3B /* MVC_ArchitectureTests.swift */,
				48C34F0621AF768F000DDC3B /* Info.plist */,
			);
			path = "MVC-ArchitectureTests";
			sourceTree = "<group>";
		};
		48C34F0E21AF768F000DDC3B /* MVC-ArchitectureUITests */ = {
			isa = PBXGroup;
			children = (
				48C34F0F21AF768F000DDC3B /* MVC_ArchitectureUITests.swift */,
				48C34F1121AF768F000DDC3B /* Info.plist */,
			);
			path = "MVC-ArchitectureUITests";
			sourceTree = "<group>";
		};
		48CDA62721AF7A9C00B32374 /* CarthageFramework */ = {
			isa = PBXGroup;
			children = (
				48C34F1D21AF7A85000DDC3B /* SwiftIconFont.framework */,
			);
			path = CarthageFramework;
			sourceTree = "<group>";
		};
		48CDA62B21AF91A900B32374 /* Model */ = {
			isa = PBXGroup;
			children = (
				48CDA62C21AF91C000B32374 /* PostModel.swift */,
			);
			path = Model;
			sourceTree = "<group>";
		};
		48CDA62E21AF930D00B32374 /* View */ = {
			isa = PBXGroup;
			children = (
				48CDA62F21AF933C00B32374 /* PostTableViewCell.swift */,
			);
			path = View;
			sourceTree = "<group>";
		};
		48CDA6CE21B0CE5400B32374 /* MVC */ = {
			isa = PBXGroup;
			children = (
				48CDA62B21AF91A900B32374 /* Model */,
				48CDA62E21AF930D00B32374 /* View */,
				48C34EF121AF768D000DDC3B /* ViewController.swift */,
			);
			path = MVC;
			sourceTree = "<group>";
		};
		48CDA6E621B17B2900B32374 /* MVP */ = {
			isa = PBXGroup;
			children = (
				48CDA6E721B17B6F00B32374 /* MVPViewController.swift */,
				48CDA6E921B17CAC00B32374 /* MVPPresenter.swift */,
				48CDA6EB21B17CC500B32374 /* MVPModel.swift */,
				48CDA6EF21B238B300B32374 /* PostListModel.swift */,
				48CDA6ED21B17D2600B32374 /* MVPCell.swift */,
			);
			path = MVP;
			sourceTree = "<group>";
		};
/* End PBXGroup section */

/* Begin PBXNativeTarget section */
		48C34EEB21AF768D000DDC3B /* MVC-Architecture */ = {
			isa = PBXNativeTarget;
			buildConfigurationList = 48C34F1421AF768F000DDC3B /* Build configuration list for PBXNativeTarget "MVC-Architecture" */;
			buildPhases = (
				48C34EE821AF768D000DDC3B /* Sources */,
				48C34EE921AF768D000DDC3B /* Frameworks */,
				48C34EEA21AF768D000DDC3B /* Resources */,
				48CDA62A21AF7AC800B32374 /* Embed Frameworks */,
			);
			buildRules = (
			);
			dependencies = (
			);
			name = "MVC-Architecture";
			productName = "MVC-Architecture";
			productReference = 48C34EEC21AF768D000DDC3B /* MVC-Architecture.app */;
			productType = "com.apple.product-type.application";
		};
		48C34EFF21AF768F000DDC3B /* MVC-ArchitectureTests */ = {
			isa = PBXNativeTarget;
			buildConfigurationList = 48C34F1721AF768F000DDC3B /* Build configuration list for PBXNativeTarget "MVC-ArchitectureTests" */;
			buildPhases = (
				48C34EFC21AF768F000DDC3B /* Sources */,
				48C34EFD21AF768F000DDC3B /* Frameworks */,
				48C34EFE21AF768F000DDC3B /* Resources */,
			);
			buildRules = (
			);
			dependencies = (
				48C34F0221AF768F000DDC3B /* PBXTargetDependency */,
			);
			name = "MVC-ArchitectureTests";
			productName = "MVC-ArchitectureTests";
			productReference = 48C34F0021AF768F000DDC3B /* MVC-ArchitectureTests.xctest */;
			productType = "com.apple.product-type.bundle.unit-test";
		};
		48C34F0A21AF768F000DDC3B /* MVC-ArchitectureUITests */ = {
			isa = PBXNativeTarget;
			buildConfigurationList = 48C34F1A21AF768F000DDC3B /* Build configuration list for PBXNativeTarget "MVC-ArchitectureUITests" */;
			buildPhases = (
				48C34F0721AF768F000DDC3B /* Sources */,
				48C34F0821AF768F000DDC3B /* Frameworks */,
				48C34F0921AF768F000DDC3B /* Resources */,
			);
			buildRules = (
			);
			dependencies = (
				48C34F0D21AF768F000DDC3B /* PBXTargetDependency */,
			);
			name = "MVC-ArchitectureUITests";
			productName = "MVC-ArchitectureUITests";
			productReference = 48C34F0B21AF768F000DDC3B /* MVC-ArchitectureUITests.xctest */;
			productType = "com.apple.product-type.bundle.ui-testing";
		};
/* End PBXNativeTarget section */

/* Begin PBXProject section */
		48C34EE421AF768D000DDC3B /* Project object */ = {
			isa = PBXProject;
			attributes = {
				LastSwiftUpdateCheck = 1000;
				LastUpgradeCheck = 1000;
				ORGANIZATIONNAME = "Li, Havi X. -ND";
				TargetAttributes = {
					48C34EEB21AF768D000DDC3B = {
						CreatedOnToolsVersion = 10.0;
					};
					48C34EFF21AF768F000DDC3B = {
						CreatedOnToolsVersion = 10.0;
						TestTargetID = 48C34EEB21AF768D000DDC3B;
					};
					48C34F0A21AF768F000DDC3B = {
						CreatedOnToolsVersion = 10.0;
						TestTargetID = 48C34EEB21AF768D000DDC3B;
					};
				};
			};
			buildConfigurationList = 48C34EE721AF768D000DDC3B /* Build configuration list for PBXProject "MVC-Architecture" */;
			compatibilityVersion = "Xcode 9.3";
			developmentRegion = en;
			hasScannedForEncodings = 0;
			knownRegions = (
				en,
				Base,
			);
			mainGroup = 48C34EE321AF768D000DDC3B;
			productRefGroup = 48C34EED21AF768D000DDC3B /* Products */;
			projectDirPath = "";
			projectRoot = "";
			targets = (
				48C34EEB21AF768D000DDC3B /* MVC-Architecture */,
				48C34EFF21AF768F000DDC3B /* MVC-ArchitectureTests */,
				48C34F0A21AF768F000DDC3B /* MVC-ArchitectureUITests */,
			);
		};
/* End PBXProject section */

/* Begin PBXResourcesBuildPhase section */
		48C34EEA21AF768D000DDC3B /* Resources */ = {
			isa = PBXResourcesBuildPhase;
			buildActionMask = 2147483647;
			files = (
				48C34EFA21AF768E000DDC3B /* LaunchScreen.storyboard in Resources */,
				48C34EF721AF768E000DDC3B /* Assets.xcassets in Resources */,
				48C34EF521AF768D000DDC3B /* Main.storyboard in Resources */,
			);
			runOnlyForDeploymentPostprocessing = 0;
		};
		48C34EFE21AF768F000DDC3B /* Resources */ = {
			isa = PBXResourcesBuildPhase;
			buildActionMask = 2147483647;
			files = (
			);
			runOnlyForDeploymentPostprocessing = 0;
		};
		48C34F0921AF768F000DDC3B /* Resources */ = {
			isa = PBXResourcesBuildPhase;
			buildActionMask = 2147483647;
			files = (
			);
			runOnlyForDeploymentPostprocessing = 0;
		};
/* End PBXResourcesBuildPhase section */

/* Begin PBXSourcesBuildPhase section */
		48C34EE821AF768D000DDC3B /* Sources */ = {
			isa = PBXSourcesBuildPhase;
			buildActionMask = 2147483647;
			files = (
				48CDA6EA21B17CAD00B32374 /* MVPPresenter.swift in Sources */,
				48CDA6E521B16DA100B32374 /* RootViewController.swift in Sources */,
				48C34EF221AF768D000DDC3B /* ViewController.swift in Sources */,
				48CDA6E821B17B6F00B32374 /* MVPViewController.swift in Sources */,
				48CDA62D21AF91C000B32374 /* PostModel.swift in Sources */,
				48CDA6EC21B17CC500B32374 /* MVPModel.swift in Sources */,
				48C34EF021AF768D000DDC3B /* AppDelegate.swift in Sources */,
				48CDA6F021B238B300B32374 /* PostListModel.swift in Sources */,
				48CDA63021AF933C00B32374 /* PostTableViewCell.swift in Sources */,
				48CDA6EE21B17D2600B32374 /* MVPCell.swift in Sources */,
			);
			runOnlyForDeploymentPostprocessing = 0;
		};
		48C34EFC21AF768F000DDC3B /* Sources */ = {
			isa = PBXSourcesBuildPhase;
			buildActionMask = 2147483647;
			files = (
				48C34F0521AF768F000DDC3B /* MVC_ArchitectureTests.swift in Sources */,
			);
			runOnlyForDeploymentPostprocessing = 0;
		};
		48C34F0721AF768F000DDC3B /* Sources */ = {
			isa = PBXSourcesBuildPhase;
			buildActionMask = 2147483647;
			files = (
				48C34F1021AF768F000DDC3B /* MVC_ArchitectureUITests.swift in Sources */,
			);
			runOnlyForDeploymentPostprocessing = 0;
		};
/* End PBXSourcesBuildPhase section */

/* Begin PBXTargetDependency section */
		48C34F0221AF768F000DDC3B /* PBXTargetDependency */ = {
			isa = PBXTargetDependency;
			target = 48C34EEB21AF768D000DDC3B /* MVC-Architecture */;
			targetProxy = 48C34F0121AF768F000DDC3B /* PBXContainerItemProxy */;
		};
		48C34F0D21AF768F000DDC3B /* PBXTargetDependency */ = {
			isa = PBXTargetDependency;
			target = 48C34EEB21AF768D000DDC3B /* MVC-Architecture */;
			targetProxy = 48C34F0C21AF768F000DDC3B /* PBXContainerItemProxy */;
		};
/* End PBXTargetDependency section */

/* Begin PBXVariantGroup section */
		48C34EF321AF768D000DDC3B /* Main.storyboard */ = {
			isa = PBXVariantGroup;
			children = (
				48C34EF421AF768D000DDC3B /* Base */,
			);
			name = Main.storyboard;
			sourceTree = "<group>";
		};
		48C34EF821AF768E000DDC3B /* LaunchScreen.storyboard */ = {
			isa = PBXVariantGroup;
			children = (
				48C34EF921AF768E000DDC3B /* Base */,
			);
			name = LaunchScreen.storyboard;
			sourceTree = "<group>";
		};
/* End PBXVariantGroup section */

/* Begin XCBuildConfiguration section */
		48C34F1221AF768F000DDC3B /* Debug */ = {
			isa = XCBuildConfiguration;
			buildSettings = {
				ALWAYS_SEARCH_USER_PATHS = NO;
				CLANG_ANALYZER_NONNULL = YES;
				CLANG_ANALYZER_NUMBER_OBJECT_CONVERSION = YES_AGGRESSIVE;
				CLANG_CXX_LANGUAGE_STANDARD = "gnu++14";
				CLANG_CXX_LIBRARY = "libc++";
				CLANG_ENABLE_MODULES = YES;
				CLANG_ENABLE_OBJC_ARC = YES;
				CLANG_ENABLE_OBJC_WEAK = YES;
				CLANG_WARN_BLOCK_CAPTURE_AUTORELEASING = YES;
				CLANG_WARN_BOOL_CONVERSION = YES;
				CLANG_WARN_COMMA = YES;
				CLANG_WARN_CONSTANT_CONVERSION = YES;
				CLANG_WARN_DEPRECATED_OBJC_IMPLEMENTATIONS = YES;
				CLANG_WARN_DIRECT_OBJC_ISA_USAGE = YES_ERROR;
				CLANG_WARN_DOCUMENTATION_COMMENTS = YES;
				CLANG_WARN_EMPTY_BODY = YES;
				CLANG_WARN_ENUM_CONVERSION = YES;
				CLANG_WARN_INFINITE_RECURSION = YES;
				CLANG_WARN_INT_CONVERSION = YES;
				CLANG_WARN_NON_LITERAL_NULL_CONVERSION = YES;
				CLANG_WARN_OBJC_IMPLICIT_RETAIN_SELF = YES;
				CLANG_WARN_OBJC_LITERAL_CONVERSION = YES;
				CLANG_WARN_OBJC_ROOT_CLASS = YES_ERROR;
				CLANG_WARN_RANGE_LOOP_ANALYSIS = YES;
				CLANG_WARN_STRICT_PROTOTYPES = YES;
				CLANG_WARN_SUSPICIOUS_MOVE = YES;
				CLANG_WARN_UNGUARDED_AVAILABILITY = YES_AGGRESSIVE;
				CLANG_WARN_UNREACHABLE_CODE = YES;
				CLANG_WARN__DUPLICATE_METHOD_MATCH = YES;
				CODE_SIGN_IDENTITY = "iPhone Developer";
				COPY_PHASE_STRIP = NO;
				DEBUG_INFORMATION_FORMAT = dwarf;
				ENABLE_STRICT_OBJC_MSGSEND = YES;
				ENABLE_TESTABILITY = YES;
				GCC_C_LANGUAGE_STANDARD = gnu11;
				GCC_DYNAMIC_NO_PIC = NO;
				GCC_NO_COMMON_BLOCKS = YES;
				GCC_OPTIMIZATION_LEVEL = 0;
				GCC_PREPROCESSOR_DEFINITIONS = (
					"DEBUG=1",
					"$(inherited)",
				);
				GCC_WARN_64_TO_32_BIT_CONVERSION = YES;
				GCC_WARN_ABOUT_RETURN_TYPE = YES_ERROR;
				GCC_WARN_UNDECLARED_SELECTOR = YES;
				GCC_WARN_UNINITIALIZED_AUTOS = YES_AGGRESSIVE;
				GCC_WARN_UNUSED_FUNCTION = YES;
				GCC_WARN_UNUSED_VARIABLE = YES;
				IPHONEOS_DEPLOYMENT_TARGET = 12.0;
				MTL_ENABLE_DEBUG_INFO = INCLUDE_SOURCE;
				MTL_FAST_MATH = YES;
				ONLY_ACTIVE_ARCH = YES;
				SDKROOT = iphoneos;
				SWIFT_ACTIVE_COMPILATION_CONDITIONS = DEBUG;
				SWIFT_OPTIMIZATION_LEVEL = "-Onone";
			};
			name = Debug;
		};
		48C34F1321AF768F000DDC3B /* Release */ = {
			isa = XCBuildConfiguration;
			buildSettings = {
				ALWAYS_SEARCH_USER_PATHS = NO;
				CLANG_ANALYZER_NONNULL = YES;
				CLANG_ANALYZER_NUMBER_OBJECT_CONVERSION = YES_AGGRESSIVE;
				CLANG_CXX_LANGUAGE_STANDARD = "gnu++14";
				CLANG_CXX_LIBRARY = "libc++";
				CLANG_ENABLE_MODULES = YES;
				CLANG_ENABLE_OBJC_ARC = YES;
				CLANG_ENABLE_OBJC_WEAK = YES;
				CLANG_WARN_BLOCK_CAPTURE_AUTORELEASING = YES;
				CLANG_WARN_BOOL_CONVERSION = YES;
				CLANG_WARN_COMMA = YES;
				CLANG_WARN_CONSTANT_CONVERSION = YES;
				CLANG_WARN_DEPRECATED_OBJC_IMPLEMENTATIONS = YES;
				CLANG_WARN_DIRECT_OBJC_ISA_USAGE = YES_ERROR;
				CLANG_WARN_DOCUMENTATION_COMMENTS = YES;
				CLANG_WARN_EMPTY_BODY = YES;
				CLANG_WARN_ENUM_CONVERSION = YES;
				CLANG_WARN_INFINITE_RECURSION = YES;
				CLANG_WARN_INT_CONVERSION = YES;
				CLANG_WARN_NON_LITERAL_NULL_CONVERSION = YES;
				CLANG_WARN_OBJC_IMPLICIT_RETAIN_SELF = YES;
				CLANG_WARN_OBJC_LITERAL_CONVERSION = YES;
				CLANG_WARN_OBJC_ROOT_CLASS = YES_ERROR;
				CLANG_WARN_RANGE_LOOP_ANALYSIS = YES;
				CLANG_WARN_STRICT_PROTOTYPES = YES;
				CLANG_WARN_SUSPICIOUS_MOVE = YES;
				CLANG_WARN_UNGUARDED_AVAILABILITY = YES_AGGRESSIVE;
				CLANG_WARN_UNREACHABLE_CODE = YES;
				CLANG_WARN__DUPLICATE_METHOD_MATCH = YES;
				CODE_SIGN_IDENTITY = "iPhone Developer";
				COPY_PHASE_STRIP = NO;
				DEBUG_INFORMATION_FORMAT = "dwarf-with-dsym";
				ENABLE_NS_ASSERTIONS = NO;
				ENABLE_STRICT_OBJC_MSGSEND = YES;
				GCC_C_LANGUAGE_STANDARD = gnu11;
				GCC_NO_COMMON_BLOCKS = YES;
				GCC_WARN_64_TO_32_BIT_CONVERSION = YES;
				GCC_WARN_ABOUT_RETURN_TYPE = YES_ERROR;
				GCC_WARN_UNDECLARED_SELECTOR = YES;
				GCC_WARN_UNINITIALIZED_AUTOS = YES_AGGRESSIVE;
				GCC_WARN_UNUSED_FUNCTION = YES;
				GCC_WARN_UNUSED_VARIABLE = YES;
				IPHONEOS_DEPLOYMENT_TARGET = 12.0;
				MTL_ENABLE_DEBUG_INFO = NO;
				MTL_FAST_MATH = YES;
				SDKROOT = iphoneos;
				SWIFT_COMPILATION_MODE = wholemodule;
				SWIFT_OPTIMIZATION_LEVEL = "-O";
				VALIDATE_PRODUCT = YES;
			};
			name = Release;
		};
		48C34F1521AF768F000DDC3B /* Debug */ = {
			isa = XCBuildConfiguration;
			buildSettings = {
				ASSETCATALOG_COMPILER_APPICON_NAME = AppIcon;
				CODE_SIGN_STYLE = Automatic;
				FRAMEWORK_SEARCH_PATHS = (
					"$(inherited)",
					"$(PROJECT_DIR)/Carthage/Build/iOS",
					"$(PROJECT_DIR)/CarthageFramework",
				);
				INFOPLIST_FILE = "MVC-Architecture/Info.plist";
				LD_RUNPATH_SEARCH_PATHS = (
					"$(inherited)",
					"@executable_path/Frameworks",
				);
				PRODUCT_BUNDLE_IDENTIFIER = "Disney.MVC-Architecture";
				PRODUCT_NAME = "$(TARGET_NAME)";
				SWIFT_VERSION = 4.2;
				TARGETED_DEVICE_FAMILY = 1;
			};
			name = Debug;
		};
		48C34F1621AF768F000DDC3B /* Release */ = {
			isa = XCBuildConfiguration;
			buildSettings = {
				ASSETCATALOG_COMPILER_APPICON_NAME = AppIcon;
				CODE_SIGN_STYLE = Automatic;
				FRAMEWORK_SEARCH_PATHS = (
					"$(inherited)",
					"$(PROJECT_DIR)/Carthage/Build/iOS",
					"$(PROJECT_DIR)/CarthageFramework",
				);
				INFOPLIST_FILE = "MVC-Architecture/Info.plist";
				LD_RUNPATH_SEARCH_PATHS = (
					"$(inherited)",
					"@executable_path/Frameworks",
				);
				PRODUCT_BUNDLE_IDENTIFIER = "Disney.MVC-Architecture";
				PRODUCT_NAME = "$(TARGET_NAME)";
				SWIFT_VERSION = 4.2;
				TARGETED_DEVICE_FAMILY = 1;
			};
			name = Release;
		};
		48C34F1821AF768F000DDC3B /* Debug */ = {
			isa = XCBuildConfiguration;
			buildSettings = {
				ALWAYS_EMBED_SWIFT_STANDARD_LIBRARIES = YES;
				BUNDLE_LOADER = "$(TEST_HOST)";
				CODE_SIGN_STYLE = Automatic;
				INFOPLIST_FILE = "MVC-ArchitectureTests/Info.plist";
				LD_RUNPATH_SEARCH_PATHS = (
					"$(inherited)",
					"@executable_path/Frameworks",
					"@loader_path/Frameworks",
				);
				PRODUCT_BUNDLE_IDENTIFIER = "Disney.MVC-ArchitectureTests";
				PRODUCT_NAME = "$(TARGET_NAME)";
				SWIFT_VERSION = 4.2;
				TARGETED_DEVICE_FAMILY = "1,2";
				TEST_HOST = "$(BUILT_PRODUCTS_DIR)/MVC-Architecture.app/MVC-Architecture";
			};
			name = Debug;
		};
		48C34F1921AF768F000DDC3B /* Release */ = {
			isa = XCBuildConfiguration;
			buildSettings = {
				ALWAYS_EMBED_SWIFT_STANDARD_LIBRARIES = YES;
				BUNDLE_LOADER = "$(TEST_HOST)";
				CODE_SIGN_STYLE = Automatic;
				INFOPLIST_FILE = "MVC-ArchitectureTests/Info.plist";
				LD_RUNPATH_SEARCH_PATHS = (
					"$(inherited)",
					"@executable_path/Frameworks",
					"@loader_path/Frameworks",
				);
				PRODUCT_BUNDLE_IDENTIFIER = "Disney.MVC-ArchitectureTests";
				PRODUCT_NAME = "$(TARGET_NAME)";
				SWIFT_VERSION = 4.2;
				TARGETED_DEVICE_FAMILY = "1,2";
				TEST_HOST = "$(BUILT_PRODUCTS_DIR)/MVC-Architecture.app/MVC-Architecture";
			};
			name = Release;
		};
		48C34F1B21AF768F000DDC3B /* Debug */ = {
			isa = XCBuildConfiguration;
			buildSettings = {
				ALWAYS_EMBED_SWIFT_STANDARD_LIBRARIES = YES;
				CODE_SIGN_STYLE = Automatic;
				INFOPLIST_FILE = "MVC-ArchitectureUITests/Info.plist";
				LD_RUNPATH_SEARCH_PATHS = (
					"$(inherited)",
					"@executable_path/Frameworks",
					"@loader_path/Frameworks",
				);
				PRODUCT_BUNDLE_IDENTIFIER = "Disney.MVC-ArchitectureUITests";
				PRODUCT_NAME = "$(TARGET_NAME)";
				SWIFT_VERSION = 4.2;
				TARGETED_DEVICE_FAMILY = "1,2";
				TEST_TARGET_NAME = "MVC-Architecture";
			};
			name = Debug;
		};
		48C34F1C21AF768F000DDC3B /* Release */ = {
			isa = XCBuildConfiguration;
			buildSettings = {
				ALWAYS_EMBED_SWIFT_STANDARD_LIBRARIES = YES;
				CODE_SIGN_STYLE = Automatic;
				INFOPLIST_FILE = "MVC-ArchitectureUITests/Info.plist";
				LD_RUNPATH_SEARCH_PATHS = (
					"$(inherited)",
					"@executable_path/Frameworks",
					"@loader_path/Frameworks",
				);
				PRODUCT_BUNDLE_IDENTIFIER = "Disney.MVC-ArchitectureUITests";
				PRODUCT_NAME = "$(TARGET_NAME)";
				SWIFT_VERSION = 4.2;
				TARGETED_DEVICE_FAMILY = "1,2";
				TEST_TARGET_NAME = "MVC-Architecture";
			};
			name = Release;
		};
/* End XCBuildConfiguration section */

/* Begin XCConfigurationList section */
		48C34EE721AF768D000DDC3B /* Build configuration list for PBXProject "MVC-Architecture" */ = {
			isa = XCConfigurationList;
			buildConfigurations = (
				48C34F1221AF768F000DDC3B /* Debug */,
				48C34F1321AF768F000DDC3B /* Release */,
			);
			defaultConfigurationIsVisible = 0;
			defaultConfigurationName = Release;
		};
		48C34F1421AF768F000DDC3B /* Build configuration list for PBXNativeTarget "MVC-Architecture" */ = {
			isa = XCConfigurationList;
			buildConfigurations = (
				48C34F1521AF768F000DDC3B /* Debug */,
				48C34F1621AF768F000DDC3B /* Release */,
			);
			defaultConfigurationIsVisible = 0;
			defaultConfigurationName = Release;
		};
		48C34F1721AF768F000DDC3B /* Build configuration list for PBXNativeTarget "MVC-ArchitectureTests" */ = {
			isa = XCConfigurationList;
			buildConfigurations = (
				48C34F1821AF768F000DDC3B /* Debug */,
				48C34F1921AF768F000DDC3B /* Release */,
			);
			defaultConfigurationIsVisible = 0;
			defaultConfigurationName = Release;
		};
		48C34F1A21AF768F000DDC3B /* Build configuration list for PBXNativeTarget "MVC-ArchitectureUITests" */ = {
			isa = XCConfigurationList;
			buildConfigurations = (
				48C34F1B21AF768F000DDC3B /* Debug */,
				48C34F1C21AF768F000DDC3B /* Release */,
			);
			defaultConfigurationIsVisible = 0;
			defaultConfigurationName = Release;
		};
/* End XCConfigurationList section */
	};
	rootObject = 48C34EE421AF768D000DDC3B /* Project object */;
}
